// !$*UTF8*$!
{
	archiveVersion = 1;
	classes = {
	};
	objectVersion = 77;
	objects = {

/* Begin PBXContainerItemProxy section */
		7B6B77B42D691C9E00E8EBAD /* PBXContainerItemProxy */ = {
			isa = PBXContainerItemProxy;
			containerPortal = 7B6B77992D691C9C00E8EBAD /* Project object */;
			proxyType = 1;
			remoteGlobalIDString = 7B6B77A02D691C9C00E8EBAD;
			remoteInfo = InstAgendaOfficial;
		};
		7B6B77BE2D691C9E00E8EBAD /* PBXContainerItemProxy */ = {
			isa = PBXContainerItemProxy;
			containerPortal = 7B6B77992D691C9C00E8EBAD /* Project object */;
			proxyType = 1;
			remoteGlobalIDString = 7B6B77A02D691C9C00E8EBAD;
			remoteInfo = InstAgendaOfficial;
		};
/* End PBXContainerItemProxy section */

/* Begin PBXFileReference section */
		7B6B77A12D691C9C00E8EBAD /* InstAgendaOfficial.app */ = {isa = PBXFileReference; explicitFileType = wrapper.application; includeInIndex = 0; path = InstAgendaOfficial.app; sourceTree = BUILT_PRODUCTS_DIR; };
		7B6B77B32D691C9E00E8EBAD /* InstAgendaOfficialTests.xctest */ = {isa = PBXFileReference; explicitFileType = wrapper.cfbundle; includeInIndex = 0; path = InstAgendaOfficialTests.xctest; sourceTree = BUILT_PRODUCTS_DIR; };
		7B6B77BD2D691C9E00E8EBAD /* InstAgendaOfficialUITests.xctest */ = {isa = PBXFileReference; explicitFileType = wrapper.cfbundle; includeInIndex = 0; path = InstAgendaOfficialUITests.xctest; sourceTree = BUILT_PRODUCTS_DIR; };
/* End PBXFileReference section */

/* Begin PBXFileSystemSynchronizedRootGroup section */
		7B6B77A32D691C9C00E8EBAD /* InstAgendaOfficial */ = {
			isa = PBXFileSystemSynchronizedRootGroup;
			path = InstAgendaOfficial;
			sourceTree = "<group>";
		};
		7B6B77B62D691C9E00E8EBAD /* InstAgendaOfficialTests */ = {
			isa = PBXFileSystemSynchronizedRootGroup;
			path = InstAgendaOfficialTests;
			sourceTree = "<group>";
		};
		7B6B77C02D691C9E00E8EBAD /* InstAgendaOfficialUITests */ = {
			isa = PBXFileSystemSynchronizedRootGroup;
			path = InstAgendaOfficialUITests;
			sourceTree = "<group>";
		};
/* End PBXFileSystemSynchronizedRootGroup section */

/* Begin PBXFrameworksBuildPhase section */
		7B6B779E2D691C9C00E8EBAD /* Frameworks */ = {
			isa = PBXFrameworksBuildPhase;
			buildActionMask = 2147483647;
			files = (
			);
			runOnlyForDeploymentPostprocessing = 0;
		};
		7B6B77B02D691C9E00E8EBAD /* Frameworks */ = {
			isa = PBXFrameworksBuildPhase;
			buildActionMask = 2147483647;
			files = (
			);
			runOnlyForDeploymentPostprocessing = 0;
		};
		7B6B77BA2D691C9E00E8EBAD /* Frameworks */ = {
			isa = PBXFrameworksBuildPhase;
			buildActionMask = 2147483647;
			files = (
			);
			runOnlyForDeploymentPostprocessing = 0;
		};
/* End PBXFrameworksBuildPhase section */

/* Begin PBXGroup section */
		7B6B77982D691C9C00E8EBAD = {
			isa = PBXGroup;
			children = (
				7B6B77A32D691C9C00E8EBAD /* InstAgendaOfficial */,
				7B6B77B62D691C9E00E8EBAD /* InstAgendaOfficialTests */,
				7B6B77C02D691C9E00E8EBAD /* InstAgendaOfficialUITests */,
				7B6B77A22D691C9C00E8EBAD /* Products */,
			);
			sourceTree = "<group>";
		};
		7B6B77A22D691C9C00E8EBAD /* Products */ = {
			isa = PBXGroup;
			children = (
				7B6B77A12D691C9C00E8EBAD /* InstAgendaOfficial.app */,
				7B6B77B32D691C9E00E8EBAD /* InstAgendaOfficialTests.xctest */,
				7B6B77BD2D691C9E00E8EBAD /* InstAgendaOfficialUITests.xctest */,
			);
			name = Products;
			sourceTree = "<group>";
		};
/* End PBXGroup section */

/* Begin PBXNativeTarget section */
		7B6B77A02D691C9C00E8EBAD /* InstAgendaOfficial */ = {
			isa = PBXNativeTarget;
			buildConfigurationList = 7B6B77C72D691C9E00E8EBAD /* Build configuration list for PBXNativeTarget "InstAgendaOfficial" */;
			buildPhases = (
				7B6B779D2D691C9C00E8EBAD /* Sources */,
				7B6B779E2D691C9C00E8EBAD /* Frameworks */,
				7B6B779F2D691C9C00E8EBAD /* Resources */,
			);
			buildRules = (
			);
			dependencies = (
			);
			fileSystemSynchronizedGroups = (
				7B6B77A32D691C9C00E8EBAD /* InstAgendaOfficial */,
			);
			name = InstAgendaOfficial;
			packageProductDependencies = (
			);
			productName = InstAgendaOfficial;
			productReference = 7B6B77A12D691C9C00E8EBAD /* InstAgendaOfficial.app */;
			productType = "com.apple.product-type.application";
		};
		7B6B77B22D691C9E00E8EBAD /* InstAgendaOfficialTests */ = {
			isa = PBXNativeTarget;
			buildConfigurationList = 7B6B77CA2D691C9E00E8EBAD /* Build configuration list for PBXNativeTarget "InstAgendaOfficialTests" */;
			buildPhases = (
				7B6B77AF2D691C9E00E8EBAD /* Sources */,
				7B6B77B02D691C9E00E8EBAD /* Frameworks */,
				7B6B77B12D691C9E00E8EBAD /* Resources */,
			);
			buildRules = (
			);
			dependencies = (
				7B6B77B52D691C9E00E8EBAD /* PBXTargetDependency */,
			);
			fileSystemSynchronizedGroups = (
				7B6B77B62D691C9E00E8EBAD /* InstAgendaOfficialTests */,
			);
			name = InstAgendaOfficialTests;
			packageProductDependencies = (
			);
			productName = InstAgendaOfficialTests;
			productReference = 7B6B77B32D691C9E00E8EBAD /* InstAgendaOfficialTests.xctest */;
			productType = "com.apple.product-type.bundle.unit-test";
		};
		7B6B77BC2D691C9E00E8EBAD /* InstAgendaOfficialUITests */ = {
			isa = PBXNativeTarget;
			buildConfigurationList = 7B6B77CD2D691C9E00E8EBAD /* Build configuration list for PBXNativeTarget "InstAgendaOfficialUITests" */;
			buildPhases = (
				7B6B77B92D691C9E00E8EBAD /* Sources */,
				7B6B77BA2D691C9E00E8EBAD /* Frameworks */,
				7B6B77BB2D691C9E00E8EBAD /* Resources */,
			);
			buildRules = (
			);
			dependencies = (
				7B6B77BF2D691C9E00E8EBAD /* PBXTargetDependency */,
			);
			fileSystemSynchronizedGroups = (
				7B6B77C02D691C9E00E8EBAD /* InstAgendaOfficialUITests */,
			);
			name = InstAgendaOfficialUITests;
			packageProductDependencies = (
			);
			productName = InstAgendaOfficialUITests;
			productReference = 7B6B77BD2D691C9E00E8EBAD /* InstAgendaOfficialUITests.xctest */;
			productType = "com.apple.product-type.bundle.ui-testing";
		};
/* End PBXNativeTarget section */

/* Begin PBXProject section */
		7B6B77992D691C9C00E8EBAD /* Project object */ = {
			isa = PBXProject;
			attributes = {
				BuildIndependentTargetsInParallel = 1;
				LastSwiftUpdateCheck = 1620;
				LastUpgradeCheck = 1620;
				TargetAttributes = {
					7B6B77A02D691C9C00E8EBAD = {
						CreatedOnToolsVersion = 16.2;
					};
					7B6B77B22D691C9E00E8EBAD = {
						CreatedOnToolsVersion = 16.2;
						TestTargetID = 7B6B77A02D691C9C00E8EBAD;
					};
					7B6B77BC2D691C9E00E8EBAD = {
						CreatedOnToolsVersion = 16.2;
						TestTargetID = 7B6B77A02D691C9C00E8EBAD;
					};
				};
			};
			buildConfigurationList = 7B6B779C2D691C9C00E8EBAD /* Build configuration list for PBXProject "InstAgendaOfficial" */;
			developmentRegion = en;
			hasScannedForEncodings = 0;
			knownRegions = (
				en,
				Base,
			);
			mainGroup = 7B6B77982D691C9C00E8EBAD;
			minimizedProjectReferenceProxies = 1;
			preferredProjectObjectVersion = 77;
			productRefGroup = 7B6B77A22D691C9C00E8EBAD /* Products */;
			projectDirPath = "";
			projectRoot = "";
			targets = (
				7B6B77A02D691C9C00E8EBAD /* InstAgendaOfficial */,
				7B6B77B22D691C9E00E8EBAD /* InstAgendaOfficialTests */,
				7B6B77BC2D691C9E00E8EBAD /* InstAgendaOfficialUITests */,
			);
		};
/* End PBXProject section */

/* Begin PBXResourcesBuildPhase section */
		7B6B779F2D691C9C00E8EBAD /* Resources */ = {
			isa = PBXResourcesBuildPhase;
			buildActionMask = 2147483647;
			files = (
			);
			runOnlyForDeploymentPostprocessing = 0;
		};
		7B6B77B12D691C9E00E8EBAD /* Resources */ = {
			isa = PBXResourcesBuildPhase;
			buildActionMask = 2147483647;
			files = (
			);
			runOnlyForDeploymentPostprocessing = 0;
		};
		7B6B77BB2D691C9E00E8EBAD /* Resources */ = {
			isa = PBXResourcesBuildPhase;
			buildActionMask = 2147483647;
			files = (
			);
			runOnlyForDeploymentPostprocessing = 0;
		};
/* End PBXResourcesBuildPhase section */

/* Begin PBXSourcesBuildPhase section */
		7B6B779D2D691C9C00E8EBAD /* Sources */ = {
			isa = PBXSourcesBuildPhase;
			buildActionMask = 2147483647;
			files = (
			);
			runOnlyForDeploymentPostprocessing = 0;
		};
		7B6B77AF2D691C9E00E8EBAD /* Sources */ = {
			isa = PBXSourcesBuildPhase;
			buildActionMask = 2147483647;
			files = (
			);
			runOnlyForDeploymentPostprocessing = 0;
		};
		7B6B77B92D691C9E00E8EBAD /* Sources */ = {
			isa = PBXSourcesBuildPhase;
			buildActionMask = 2147483647;
			files = (
			);
			runOnlyForDeploymentPostprocessing = 0;
		};
/* End PBXSourcesBuildPhase section */

/* Begin PBXTargetDependency section */
		7B6B77B52D691C9E00E8EBAD /* PBXTargetDependency */ = {
			isa = PBXTargetDependency;
			target = 7B6B77A02D691C9C00E8EBAD /* InstAgendaOfficial */;
			targetProxy = 7B6B77B42D691C9E00E8EBAD /* PBXContainerItemProxy */;
		};
		7B6B77BF2D691C9E00E8EBAD /* PBXTargetDependency */ = {
			isa = PBXTargetDependency;
			target = 7B6B77A02D691C9C00E8EBAD /* InstAgendaOfficial */;
			targetProxy = 7B6B77BE2D691C9E00E8EBAD /* PBXContainerItemProxy */;
		};
/* End PBXTargetDependency section */

/* Begin XCBuildConfiguration section */
		7B6B77C52D691C9E00E8EBAD /* Debug */ = {
			isa = XCBuildConfiguration;
			buildSettings = {
				ALWAYS_SEARCH_USER_PATHS = NO;
				ASSETCATALOG_COMPILER_GENERATE_SWIFT_ASSET_SYMBOL_EXTENSIONS = YES;
				CLANG_ANALYZER_NONNULL = YES;
				CLANG_ANALYZER_NUMBER_OBJECT_CONVERSION = YES_AGGRESSIVE;
				CLANG_CXX_LANGUAGE_STANDARD = "gnu++20";
				CLANG_ENABLE_MODULES = YES;
				CLANG_ENABLE_OBJC_ARC = YES;
				CLANG_ENABLE_OBJC_WEAK = YES;
				CLANG_WARN_BLOCK_CAPTURE_AUTORELEASING = YES;
				CLANG_WARN_BOOL_CONVERSION = YES;
				CLANG_WARN_COMMA = YES;
				CLANG_WARN_CONSTANT_CONVERSION = YES;
				CLANG_WARN_DEPRECATED_OBJC_IMPLEMENTATIONS = YES;
				CLANG_WARN_DIRECT_OBJC_ISA_USAGE = YES_ERROR;
				CLANG_WARN_DOCUMENTATION_COMMENTS = YES;
				CLANG_WARN_EMPTY_BODY = YES;
				CLANG_WARN_ENUM_CONVERSION = YES;
				CLANG_WARN_INFINITE_RECURSION = YES;
				CLANG_WARN_INT_CONVERSION = YES;
				CLANG_WARN_NON_LITERAL_NULL_CONVERSION = YES;
				CLANG_WARN_OBJC_IMPLICIT_RETAIN_SELF = YES;
				CLANG_WARN_OBJC_LITERAL_CONVERSION = YES;
				CLANG_WARN_OBJC_ROOT_CLASS = YES_ERROR;
				CLANG_WARN_QUOTED_INCLUDE_IN_FRAMEWORK_HEADER = YES;
				CLANG_WARN_RANGE_LOOP_ANALYSIS = YES;
				CLANG_WARN_STRICT_PROTOTYPES = YES;
				CLANG_WARN_SUSPICIOUS_MOVE = YES;
				CLANG_WARN_UNGUARDED_AVAILABILITY = YES_AGGRESSIVE;
				CLANG_WARN_UNREACHABLE_CODE = YES;
				CLANG_WARN__DUPLICATE_METHOD_MATCH = YES;
				COPY_PHASE_STRIP = NO;
				DEBUG_INFORMATION_FORMAT = dwarf;
				ENABLE_STRICT_OBJC_MSGSEND = YES;
				ENABLE_TESTABILITY = YES;
				ENABLE_USER_SCRIPT_SANDBOXING = YES;
				GCC_C_LANGUAGE_STANDARD = gnu17;
				GCC_DYNAMIC_NO_PIC = NO;
				GCC_NO_COMMON_BLOCKS = YES;
				GCC_OPTIMIZATION_LEVEL = 0;
				GCC_PREPROCESSOR_DEFINITIONS = (
					"DEBUG=1",
					"$(inherited)",
				);
				GCC_WARN_64_TO_32_BIT_CONVERSION = YES;
				GCC_WARN_ABOUT_RETURN_TYPE = YES_ERROR;
				GCC_WARN_UNDECLARED_SELECTOR = YES;
				GCC_WARN_UNINITIALIZED_AUTOS = YES_AGGRESSIVE;
				GCC_WARN_UNUSED_FUNCTION = YES;
				GCC_WARN_UNUSED_VARIABLE = YES;
				IPHONEOS_DEPLOYMENT_TARGET = 18.2;
				LOCALIZATION_PREFERS_STRING_CATALOGS = YES;
				MTL_ENABLE_DEBUG_INFO = INCLUDE_SOURCE;
				MTL_FAST_MATH = YES;
				ONLY_ACTIVE_ARCH = YES;
				SDKROOT = iphoneos;
				SWIFT_ACTIVE_COMPILATION_CONDITIONS = "DEBUG $(inherited)";
				SWIFT_OPTIMIZATION_LEVEL = "-Onone";
			};
			name = Debug;
		};
		7B6B77C62D691C9E00E8EBAD /* Release */ = {
			isa = XCBuildConfiguration;
			buildSettings = {
				ALWAYS_SEARCH_USER_PATHS = NO;
				ASSETCATALOG_COMPILER_GENERATE_SWIFT_ASSET_SYMBOL_EXTENSIONS = YES;
				CLANG_ANALYZER_NONNULL = YES;
				CLANG_ANALYZER_NUMBER_OBJECT_CONVERSION = YES_AGGRESSIVE;
				CLANG_CXX_LANGUAGE_STANDARD = "gnu++20";
				CLANG_ENABLE_MODULES = YES;
				CLANG_ENABLE_OBJC_ARC = YES;
				CLANG_ENABLE_OBJC_WEAK = YES;
				CLANG_WARN_BLOCK_CAPTURE_AUTORELEASING = YES;
				CLANG_WARN_BOOL_CONVERSION = YES;
				CLANG_WARN_COMMA = YES;
				CLANG_WARN_CONSTANT_CONVERSION = YES;
				CLANG_WARN_DEPRECATED_OBJC_IMPLEMENTATIONS = YES;
				CLANG_WARN_DIRECT_OBJC_ISA_USAGE = YES_ERROR;
				CLANG_WARN_DOCUMENTATION_COMMENTS = YES;
				CLANG_WARN_EMPTY_BODY = YES;
				CLANG_WARN_ENUM_CONVERSION = YES;
				CLANG_WARN_INFINITE_RECURSION = YES;
				CLANG_WARN_INT_CONVERSION = YES;
				CLANG_WARN_NON_LITERAL_NULL_CONVERSION = YES;
				CLANG_WARN_OBJC_IMPLICIT_RETAIN_SELF = YES;
				CLANG_WARN_OBJC_LITERAL_CONVERSION = YES;
				CLANG_WARN_OBJC_ROOT_CLASS = YES_ERROR;
				CLANG_WARN_QUOTED_INCLUDE_IN_FRAMEWORK_HEADER = YES;
				CLANG_WARN_RANGE_LOOP_ANALYSIS = YES;
				CLANG_WARN_STRICT_PROTOTYPES = YES;
				CLANG_WARN_SUSPICIOUS_MOVE = YES;
				CLANG_WARN_UNGUARDED_AVAILABILITY = YES_AGGRESSIVE;
				CLANG_WARN_UNREACHABLE_CODE = YES;
				CLANG_WARN__DUPLICATE_METHOD_MATCH = YES;
				COPY_PHASE_STRIP = NO;
				DEBUG_INFORMATION_FORMAT = "dwarf-with-dsym";
				ENABLE_NS_ASSERTIONS = NO;
				ENABLE_STRICT_OBJC_MSGSEND = YES;
				ENABLE_USER_SCRIPT_SANDBOXING = YES;
				GCC_C_LANGUAGE_STANDARD = gnu17;
				GCC_NO_COMMON_BLOCKS = YES;
				GCC_WARN_64_TO_32_BIT_CONVERSION = YES;
				GCC_WARN_ABOUT_RETURN_TYPE = YES_ERROR;
				GCC_WARN_UNDECLARED_SELECTOR = YES;
				GCC_WARN_UNINITIALIZED_AUTOS = YES_AGGRESSIVE;
				GCC_WARN_UNUSED_FUNCTION = YES;
				GCC_WARN_UNUSED_VARIABLE = YES;
				IPHONEOS_DEPLOYMENT_TARGET = 18.2;
				LOCALIZATION_PREFERS_STRING_CATALOGS = YES;
				MTL_ENABLE_DEBUG_INFO = NO;
				MTL_FAST_MATH = YES;
				SDKROOT = iphoneos;
				SWIFT_COMPILATION_MODE = wholemodule;
				VALIDATE_PRODUCT = YES;
			};
			name = Release;
		};
		7B6B77C82D691C9E00E8EBAD /* Debug */ = {
			isa = XCBuildConfiguration;
			buildSettings = {
				ASSETCATALOG_COMPILER_APPICON_NAME = AppIcon;
				ASSETCATALOG_COMPILER_GLOBAL_ACCENT_COLOR_NAME = AccentColor;
				CODE_SIGN_STYLE = Automatic;
				CURRENT_PROJECT_VERSION = 1;
				DEVELOPMENT_ASSET_PATHS = "\"InstAgendaOfficial/Preview Content\"";
				DEVELOPMENT_TEAM = BT952D3T8T;
				ENABLE_PREVIEWS = YES;
				GENERATE_INFOPLIST_FILE = YES;
				INFOPLIST_KEY_UIApplicationSceneManifest_Generation = YES;
				INFOPLIST_KEY_UIApplicationSupportsIndirectInputEvents = YES;
				INFOPLIST_KEY_UILaunchScreen_Generation = YES;
				INFOPLIST_KEY_UISupportedInterfaceOrientations_iPad = "UIInterfaceOrientationPortrait UIInterfaceOrientationPortraitUpsideDown UIInterfaceOrientationLandscapeLeft UIInterfaceOrientationLandscapeRight";
				INFOPLIST_KEY_UISupportedInterfaceOrientations_iPhone = "UIInterfaceOrientationPortrait UIInterfaceOrientationLandscapeLeft UIInterfaceOrientationLandscapeRight";
				LD_RUNPATH_SEARCH_PATHS = (
					"$(inherited)",
					"@executable_path/Frameworks",
				);
				MARKETING_VERSION = 1.0;
				PRODUCT_BUNDLE_IDENTIFIER = msu.InstAgendaOfficial;
				PRODUCT_NAME = "$(TARGET_NAME)";
				SWIFT_EMIT_LOC_STRINGS = YES;
				SWIFT_VERSION = 5.0;
				TARGETED_DEVICE_FAMILY = "1,2";
			};
			name = Debug;
		};
		7B6B77C92D691C9E00E8EBAD /* Release */ = {
			isa = XCBuildConfiguration;
			buildSettings = {
				ASSETCATALOG_COMPILER_APPICON_NAME = AppIcon;
				ASSETCATALOG_COMPILER_GLOBAL_ACCENT_COLOR_NAME = AccentColor;
				CODE_SIGN_STYLE = Automatic;
				CURRENT_PROJECT_VERSION = 1;
				DEVELOPMENT_ASSET_PATHS = "\"InstAgendaOfficial/Preview Content\"";
				DEVELOPMENT_TEAM = BT952D3T8T;
				ENABLE_PREVIEWS = YES;
				GENERATE_INFOPLIST_FILE = YES;
				INFOPLIST_KEY_UIApplicationSceneManifest_Generation = YES;
				INFOPLIST_KEY_UIApplicationSupportsIndirectInputEvents = YES;
				INFOPLIST_KEY_UILaunchScreen_Generation = YES;
				INFOPLIST_KEY_UISupportedInterfaceOrientations_iPad = "UIInterfaceOrientationPortrait UIInterfaceOrientationPortraitUpsideDown UIInterfaceOrientationLandscapeLeft UIInterfaceOrientationLandscapeRight";
				INFOPLIST_KEY_UISupportedInterfaceOrientations_iPhone = "UIInterfaceOrientationPortrait UIInterfaceOrientationLandscapeLeft UIInterfaceOrientationLandscapeRight";
				LD_RUNPATH_SEARCH_PATHS = (
					"$(inherited)",
					"@executable_path/Frameworks",
				);
				MARKETING_VERSION = 1.0;
				PRODUCT_BUNDLE_IDENTIFIER = msu.InstAgendaOfficial;
				PRODUCT_NAME = "$(TARGET_NAME)";
				SWIFT_EMIT_LOC_STRINGS = YES;
				SWIFT_VERSION = 5.0;
				TARGETED_DEVICE_FAMILY = "1,2";
			};
			name = Release;
		};
		7B6B77CB2D691C9E00E8EBAD /* Debug */ = {
			isa = XCBuildConfiguration;
			buildSettings = {
				BUNDLE_LOADER = "$(TEST_HOST)";
				CODE_SIGN_STYLE = Automatic;
				CURRENT_PROJECT_VERSION = 1;
				DEVELOPMENT_TEAM = BT952D3T8T;
				GENERATE_INFOPLIST_FILE = YES;
				IPHONEOS_DEPLOYMENT_TARGET = 18.2;
				MARKETING_VERSION = 1.0;
				PRODUCT_BUNDLE_IDENTIFIER = msu.InstAgendaOfficialTests;
				PRODUCT_NAME = "$(TARGET_NAME)";
				SWIFT_EMIT_LOC_STRINGS = NO;
				SWIFT_VERSION = 5.0;
				TARGETED_DEVICE_FAMILY = "1,2";
				TEST_HOST = "$(BUILT_PRODUCTS_DIR)/InstAgendaOfficial.app/$(BUNDLE_EXECUTABLE_FOLDER_PATH)/InstAgendaOfficial";
			};
			name = Debug;
		};
		7B6B77CC2D691C9E00E8EBAD /* Release */ = {
			isa = XCBuildConfiguration;
			buildSettings = {
				BUNDLE_LOADER = "$(TEST_HOST)";
				CODE_SIGN_STYLE = Automatic;
				CURRENT_PROJECT_VERSION = 1;
				DEVELOPMENT_TEAM = BT952D3T8T;
				GENERATE_INFOPLIST_FILE = YES;
				IPHONEOS_DEPLOYMENT_TARGET = 18.2;
				MARKETING_VERSION = 1.0;
				PRODUCT_BUNDLE_IDENTIFIER = msu.InstAgendaOfficialTests;
				PRODUCT_NAME = "$(TARGET_NAME)";
				SWIFT_EMIT_LOC_STRINGS = NO;
				SWIFT_VERSION = 5.0;
				TARGETED_DEVICE_FAMILY = "1,2";
				TEST_HOST = "$(BUILT_PRODUCTS_DIR)/InstAgendaOfficial.app/$(BUNDLE_EXECUTABLE_FOLDER_PATH)/InstAgendaOfficial";
			};
			name = Release;
		};
		7B6B77CE2D691C9E00E8EBAD /* Debug */ = {
			isa = XCBuildConfiguration;
			buildSettings = {
				CODE_SIGN_STYLE = Automatic;
				CURRENT_PROJECT_VERSION = 1;
				DEVELOPMENT_TEAM = BT952D3T8T;
				GENERATE_INFOPLIST_FILE = YES;
				MARKETING_VERSION = 1.0;
				PRODUCT_BUNDLE_IDENTIFIER = msu.InstAgendaOfficialUITests;
				PRODUCT_NAME = "$(TARGET_NAME)";
				SWIFT_EMIT_LOC_STRINGS = NO;
				SWIFT_VERSION = 5.0;
				TARGETED_DEVICE_FAMILY = "1,2";
				TEST_TARGET_NAME = InstAgendaOfficial;
			};
			name = Debug;
		};
		7B6B77CF2D691C9E00E8EBAD /* Release */ = {
			isa = XCBuildConfiguration;
			buildSettings = {
				CODE_SIGN_STYLE = Automatic;
				CURRENT_PROJECT_VERSION = 1;
				DEVELOPMENT_TEAM = BT952D3T8T;
				GENERATE_INFOPLIST_FILE = YES;
				MARKETING_VERSION = 1.0;
				PRODUCT_BUNDLE_IDENTIFIER = msu.InstAgendaOfficialUITests;
				PRODUCT_NAME = "$(TARGET_NAME)";
				SWIFT_EMIT_LOC_STRINGS = NO;
				SWIFT_VERSION = 5.0;
				TARGETED_DEVICE_FAMILY = "1,2";
				TEST_TARGET_NAME = InstAgendaOfficial;
			};
			name = Release;
		};
/* End XCBuildConfiguration section */

/* Begin XCConfigurationList section */
		7B6B779C2D691C9C00E8EBAD /* Build configuration list for PBXProject "InstAgendaOfficial" */ = {
			isa = XCConfigurationList;
			buildConfigurations = (
				7B6B77C52D691C9E00E8EBAD /* Debug */,
				7B6B77C62D691C9E00E8EBAD /* Release */,
			);
			defaultConfigurationIsVisible = 0;
			defaultConfigurationName = Release;
		};
		7B6B77C72D691C9E00E8EBAD /* Build configuration list for PBXNativeTarget "InstAgendaOfficial" */ = {
			isa = XCConfigurationList;
			buildConfigurations = (
				7B6B77C82D691C9E00E8EBAD /* Debug */,
				7B6B77C92D691C9E00E8EBAD /* Release */,
			);
			defaultConfigurationIsVisible = 0;
			defaultConfigurationName = Release;
		};
		7B6B77CA2D691C9E00E8EBAD /* Build configuration list for PBXNativeTarget "InstAgendaOfficialTests" */ = {
			isa = XCConfigurationList;
			buildConfigurations = (
				7B6B77CB2D691C9E00E8EBAD /* Debug */,
				7B6B77CC2D691C9E00E8EBAD /* Release */,
			);
			defaultConfigurationIsVisible = 0;
			defaultConfigurationName = Release;
		};
		7B6B77CD2D691C9E00E8EBAD /* Build configuration list for PBXNativeTarget "InstAgendaOfficialUITests" */ = {
			isa = XCConfigurationList;
			buildConfigurations = (
				7B6B77CE2D691C9E00E8EBAD /* Debug */,
				7B6B77CF2D691C9E00E8EBAD /* Release */,
			);
			defaultConfigurationIsVisible = 0;
			defaultConfigurationName = Release;
		};
/* End XCConfigurationList section */
	};
	rootObject = 7B6B77992D691C9C00E8EBAD /* Project object */;
}
